
Microsoft Visual Studio Solution File, Format Version 12.00
# Visual Studio Version 17
VisualStudioVersion = 17.8.34316.72
MinimumVisualStudioVersion = 10.0.40219.1
Project("{FAE04EC0-301F-11D3-BF4B-00C04F79EFBC}") = "NTPreVenda", "NTPreVenda\NTPreVenda.csproj", "{2C874DF8-5A5F-4937-934A-74FFD0D71FCC}"
EndProject
Global
	GlobalSection(SolutionConfigurationPlatforms) = preSolution
		Debug|Any CPU = Debug|Any CPU
		Release|Any CPU = Release|Any CPU
	EndGlobalSection
	GlobalSection(ProjectConfigurationPlatforms) = postSolution
		{2C874DF8-5A5F-4937-934A-74FFD0D71FCC}.Debug|Any CPU.ActiveCfg = Debug|Any CPU
		{2C874DF8-5A5F-4937-934A-74FFD0D71FCC}.Debug|Any CPU.Build.0 = Debug|Any CPU
		{2C874DF8-5A5F-4937-934A-74FFD0D71FCC}.Debug|Any CPU.Deploy.0 = Debug|Any CPU
		{2C874DF8-5A5F-4937-934A-74FFD0D71FCC}.Release|Any CPU.ActiveCfg = Release|Any CPU
		{2C874DF8-5A5F-4937-934A-74FFD0D71FCC}.Release|Any CPU.Build.0 = Release|Any CPU
		{2C874DF8-5A5F-4937-934A-74FFD0D71FCC}.Release|Any CPU.Deploy.0 = Release|Any CPU
	EndGlobalSection
	GlobalSection(SolutionProperties) = preSolution
		HideSolutionNode = FALSE
	EndGlobalSection
	GlobalSection(ExtensibilityGlobals) = postSolution
		SolutionGuid = {65910C09-5594-4934-A5CD-83E0C1032DF0}
	EndGlobalSection
EndGlobal
